// !$*UTF8*$!
{
	archiveVersion = 1;
	classes = {
	};
	objectVersion = 46;
	objects = {

/* Begin PBXBuildFile section */
		72C78BB21C29D9E100B36D16 /* AppDelegate.swift in Sources */ = {isa = PBXBuildFile; fileRef = 72C78BB11C29D9E100B36D16 /* AppDelegate.swift */; };
		72C78BB41C29D9E100B36D16 /* Assets.xcassets in Resources */ = {isa = PBXBuildFile; fileRef = 72C78BB31C29D9E100B36D16 /* Assets.xcassets */; };
		72C78BB71C29D9E100B36D16 /* MainMenu.xib in Resources */ = {isa = PBXBuildFile; fileRef = 72C78BB51C29D9E100B36D16 /* MainMenu.xib */; };
		72C78BBF1C29D9E800B36D16 /* Opcode.swift in Sources */ = {isa = PBXBuildFile; fileRef = 72C78BBE1C29D9E800B36D16 /* Opcode.swift */; };
		72C78BC11C2A060600B36D16 /* Disassembler.swift in Sources */ = {isa = PBXBuildFile; fileRef = 72C78BC01C2A060600B36D16 /* Disassembler.swift */; };
/* End PBXBuildFile section */

/* Begin PBXFileReference section */
		72C78BAE1C29D9E100B36D16 /* Chip8.app */ = {isa = PBXFileReference; explicitFileType = wrapper.application; includeInIndex = 0; path = Chip8.app; sourceTree = BUILT_PRODUCTS_DIR; };
		72C78BB11C29D9E100B36D16 /* AppDelegate.swift */ = {isa = PBXFileReference; lastKnownFileType = sourcecode.swift; path = AppDelegate.swift; sourceTree = "<group>"; };
		72C78BB31C29D9E100B36D16 /* Assets.xcassets */ = {isa = PBXFileReference; lastKnownFileType = folder.assetcatalog; path = Assets.xcassets; sourceTree = "<group>"; };
		72C78BB61C29D9E100B36D16 /* Base */ = {isa = PBXFileReference; lastKnownFileType = file.xib; name = Base; path = Base.lproj/MainMenu.xib; sourceTree = "<group>"; };
		72C78BB81C29D9E100B36D16 /* Info.plist */ = {isa = PBXFileReference; lastKnownFileType = text.plist.xml; path = Info.plist; sourceTree = "<group>"; };
		72C78BBE1C29D9E800B36D16 /* Opcode.swift */ = {isa = PBXFileReference; fileEncoding = 4; lastKnownFileType = sourcecode.swift; path = Opcode.swift; sourceTree = "<group>"; };
		72C78BC01C2A060600B36D16 /* Disassembler.swift */ = {isa = PBXFileReference; fileEncoding = 4; lastKnownFileType = sourcecode.swift; path = Disassembler.swift; sourceTree = "<group>"; };
/* End PBXFileReference section */

/* Begin PBXFrameworksBuildPhase section */
		72C78BAB1C29D9E100B36D16 /* Frameworks */ = {
			isa = PBXFrameworksBuildPhase;
			buildActionMask = 2147483647;
			files = (
			);
			runOnlyForDeploymentPostprocessing = 0;
		};
/* End PBXFrameworksBuildPhase section */

/* Begin PBXGroup section */
		72C78BA51C29D9E100B36D16 = {
			isa = PBXGroup;
			children = (
				72C78BB01C29D9E100B36D16 /* Chip8 */,
				72C78BAF1C29D9E100B36D16 /* Products */,
			);
			sourceTree = "<group>";
		};
		72C78BAF1C29D9E100B36D16 /* Products */ = {
			isa = PBXGroup;
			children = (
				72C78BAE1C29D9E100B36D16 /* Chip8.app */,
			);
			name = Products;
			sourceTree = "<group>";
		};
		72C78BB01C29D9E100B36D16 /* Chip8 */ = {
			isa = PBXGroup;
			children = (
				72C78BB11C29D9E100B36D16 /* AppDelegate.swift */,
				72C78BB31C29D9E100B36D16 /* Assets.xcassets */,
				72C78BB51C29D9E100B36D16 /* MainMenu.xib */,
				72C78BB81C29D9E100B36D16 /* Info.plist */,
				72C78BBE1C29D9E800B36D16 /* Opcode.swift */,
				72C78BC01C2A060600B36D16 /* Disassembler.swift */,
			);
			path = Chip8;
			sourceTree = "<group>";
		};
/* End PBXGroup section */

/* Begin PBXNativeTarget section */
		72C78BAD1C29D9E100B36D16 /* Chip8 */ = {
			isa = PBXNativeTarget;
			buildConfigurationList = 72C78BBB1C29D9E100B36D16 /* Build configuration list for PBXNativeTarget "Chip8" */;
			buildPhases = (
				72C78BAA1C29D9E100B36D16 /* Sources */,
				72C78BAB1C29D9E100B36D16 /* Frameworks */,
				72C78BAC1C29D9E100B36D16 /* Resources */,
			);
			buildRules = (
			);
			dependencies = (
			);
			name = Chip8;
			productName = Chip8;
			productReference = 72C78BAE1C29D9E100B36D16 /* Chip8.app */;
			productType = "com.apple.product-type.application";
		};
/* End PBXNativeTarget section */

/* Begin PBXProject section */
		72C78BA61C29D9E100B36D16 /* Project object */ = {
			isa = PBXProject;
			attributes = {
				LastSwiftUpdateCheck = 0720;
				LastUpgradeCheck = 0720;
				ORGANIZATIONNAME = "Indragie Karunaratne";
				TargetAttributes = {
					72C78BAD1C29D9E100B36D16 = {
						CreatedOnToolsVersion = 7.2;
					};
				};
			};
			buildConfigurationList = 72C78BA91C29D9E100B36D16 /* Build configuration list for PBXProject "Chip8" */;
			compatibilityVersion = "Xcode 3.2";
			developmentRegion = English;
			hasScannedForEncodings = 0;
			knownRegions = (
				en,
				Base,
			);
			mainGroup = 72C78BA51C29D9E100B36D16;
			productRefGroup = 72C78BAF1C29D9E100B36D16 /* Products */;
			projectDirPath = "";
			projectRoot = "";
			targets = (
				72C78BAD1C29D9E100B36D16 /* Chip8 */,
			);
		};
/* End PBXProject section */

/* Begin PBXResourcesBuildPhase section */
		72C78BAC1C29D9E100B36D16 /* Resources */ = {
			isa = PBXResourcesBuildPhase;
			buildActionMask = 2147483647;
			files = (
				72C78BB41C29D9E100B36D16 /* Assets.xcassets in Resources */,
				72C78BB71C29D9E100B36D16 /* MainMenu.xib in Resources */,
			);
			runOnlyForDeploymentPostprocessing = 0;
		};
/* End PBXResourcesBuildPhase section */

/* Begin PBXSourcesBuildPhase section */
		72C78BAA1C29D9E100B36D16 /* Sources */ = {
			isa = PBXSourcesBuildPhase;
			buildActionMask = 2147483647;
			files = (
				72C78BB21C29D9E100B36D16 /* AppDelegate.swift in Sources */,
				72C78BBF1C29D9E800B36D16 /* Opcode.swift in Sources */,
				72C78BC11C2A060600B36D16 /* Disassembler.swift in Sources */,
			);
			runOnlyForDeploymentPostprocessing = 0;
		};
/* End PBXSourcesBuildPhase section */

/* Begin PBXVariantGroup section */
		72C78BB51C29D9E100B36D16 /* MainMenu.xib */ = {
			isa = PBXVariantGroup;
			children = (
				72C78BB61C29D9E100B36D16 /* Base */,
			);
			name = MainMenu.xib;
			sourceTree = "<group>";
		};
/* End PBXVariantGroup section */

/* Begin XCBuildConfiguration section */
		72C78BB91C29D9E100B36D16 /* Debug */ = {
			isa = XCBuildConfiguration;
			buildSettings = {
				ALWAYS_SEARCH_USER_PATHS = NO;
				CLANG_CXX_LANGUAGE_STANDARD = "gnu++0x";
				CLANG_CXX_LIBRARY = "libc++";
				CLANG_ENABLE_MODULES = YES;
				CLANG_ENABLE_OBJC_ARC = YES;
				CLANG_WARN_BOOL_CONVERSION = YES;
				CLANG_WARN_CONSTANT_CONVERSION = YES;
				CLANG_WARN_DIRECT_OBJC_ISA_USAGE = YES_ERROR;
				CLANG_WARN_EMPTY_BODY = YES;
				CLANG_WARN_ENUM_CONVERSION = YES;
				CLANG_WARN_INT_CONVERSION = YES;
				CLANG_WARN_OBJC_ROOT_CLASS = YES_ERROR;
				CLANG_WARN_UNREACHABLE_CODE = YES;
				CLANG_WARN__DUPLICATE_METHOD_MATCH = YES;
				CODE_SIGN_IDENTITY = "-";
				COPY_PHASE_STRIP = NO;
				DEBUG_INFORMATION_FORMAT = dwarf;
				ENABLE_STRICT_OBJC_MSGSEND = YES;
				ENABLE_TESTABILITY = YES;
				GCC_C_LANGUAGE_STANDARD = gnu99;
				GCC_DYNAMIC_NO_PIC = NO;
				GCC_NO_COMMON_BLOCKS = YES;
				GCC_OPTIMIZATION_LEVEL = 0;
				GCC_PREPROCESSOR_DEFINITIONS = (
					"DEBUG=1",
					"$(inherited)",
				);
				GCC_WARN_64_TO_32_BIT_CONVERSION = YES;
				GCC_WARN_ABOUT_RETURN_TYPE = YES_ERROR;
				GCC_WARN_UNDECLARED_SELECTOR = YES;
				GCC_WARN_UNINITIALIZED_AUTOS = YES_AGGRESSIVE;
				GCC_WARN_UNUSED_FUNCTION = YES;
				GCC_WARN_UNUSED_VARIABLE = YES;
				MACOSX_DEPLOYMENT_TARGET = 10.11;
				MTL_ENABLE_DEBUG_INFO = YES;
				ONLY_ACTIVE_ARCH = YES;
				SDKROOT = macosx;
				SWIFT_OPTIMIZATION_LEVEL = "-Onone";
			};
			name = Debug;
		};
		72C78BBA1C29D9E100B36D16 /* Release */ = {
			isa = XCBuildConfiguration;
			buildSettings = {
				ALWAYS_SEARCH_USER_PATHS = NO;
				CLANG_CXX_LANGUAGE_STANDARD = "gnu++0x";
				CLANG_CXX_LIBRARY = "libc++";
				CLANG_ENABLE_MODULES = YES;
				CLANG_ENABLE_OBJC_ARC = YES;
				CLANG_WARN_BOOL_CONVERSION = YES;
				CLANG_WARN_CONSTANT_CONVERSION = YES;
				CLANG_WARN_DIRECT_OBJC_ISA_USAGE = YES_ERROR;
				CLANG_WARN_EMPTY_BODY = YES;
				CLANG_WARN_ENUM_CONVERSION = YES;
				CLANG_WARN_INT_CONVERSION = YES;
				CLANG_WARN_OBJC_ROOT_CLASS = YES_ERROR;
				CLANG_WARN_UNREACHABLE_CODE = YES;
				CLANG_WARN__DUPLICATE_METHOD_MATCH = YES;
				CODE_SIGN_IDENTITY = "-";
				COPY_PHASE_STRIP = NO;
				DEBUG_INFORMATION_FORMAT = "dwarf-with-dsym";
				ENABLE_NS_ASSERTIONS = NO;
				ENABLE_STRICT_OBJC_MSGSEND = YES;
				GCC_C_LANGUAGE_STANDARD = gnu99;
				GCC_NO_COMMON_BLOCKS = YES;
				GCC_WARN_64_TO_32_BIT_CONVERSION = YES;
				GCC_WARN_ABOUT_RETURN_TYPE = YES_ERROR;
				GCC_WARN_UNDECLARED_SELECTOR = YES;
				GCC_WARN_UNINITIALIZED_AUTOS = YES_AGGRESSIVE;
				GCC_WARN_UNUSED_FUNCTION = YES;
				GCC_WARN_UNUSED_VARIABLE = YES;
				MACOSX_DEPLOYMENT_TARGET = 10.11;
				MTL_ENABLE_DEBUG_INFO = NO;
				SDKROOT = macosx;
			};
			name = Release;
		};
		72C78BBC1C29D9E100B36D16 /* Debug */ = {
			isa = XCBuildConfiguration;
			buildSettings = {
				ASSETCATALOG_COMPILER_APPICON_NAME = AppIcon;
				COMBINE_HIDPI_IMAGES = YES;
				INFOPLIST_FILE = Chip8/Info.plist;
				LD_RUNPATH_SEARCH_PATHS = "$(inherited) @executable_path/../Frameworks";
				PRODUCT_BUNDLE_IDENTIFIER = com.indragie.Chip8;
				PRODUCT_NAME = "$(TARGET_NAME)";
			};
			name = Debug;
		};
		72C78BBD1C29D9E100B36D16 /* Release */ = {
			isa = XCBuildConfiguration;
			buildSettings = {
				ASSETCATALOG_COMPILER_APPICON_NAME = AppIcon;
				COMBINE_HIDPI_IMAGES = YES;
				INFOPLIST_FILE = Chip8/Info.plist;
				LD_RUNPATH_SEARCH_PATHS = "$(inherited) @executable_path/../Frameworks";
				PRODUCT_BUNDLE_IDENTIFIER = com.indragie.Chip8;
				PRODUCT_NAME = "$(TARGET_NAME)";
			};
			name = Release;
		};
/* End XCBuildConfiguration section */

/* Begin XCConfigurationList section */
		72C78BA91C29D9E100B36D16 /* Build configuration list for PBXProject "Chip8" */ = {
			isa = XCConfigurationList;
			buildConfigurations = (
				72C78BB91C29D9E100B36D16 /* Debug */,
				72C78BBA1C29D9E100B36D16 /* Release */,
			);
			defaultConfigurationIsVisible = 0;
			defaultConfigurationName = Release;
		};
		72C78BBB1C29D9E100B36D16 /* Build configuration list for PBXNativeTarget "Chip8" */ = {
			isa = XCConfigurationList;
			buildConfigurations = (
				72C78BBC1C29D9E100B36D16 /* Debug */,
				72C78BBD1C29D9E100B36D16 /* Release */,
			);
			defaultConfigurationIsVisible = 0;
		};
/* End XCConfigurationList section */
	};
	rootObject = 72C78BA61C29D9E100B36D16 /* Project object */;
}
